// !$*UTF8*$!
{
	archiveVersion = 1;
	classes = {
	};
	objectVersion = 46;
	objects = {

/* Begin PBXBuildFile section */
		1FEB6D421F1F3B8900CCB16C /* main.m in Sources */ = {isa = PBXBuildFile; fileRef = 1FEB6D411F1F3B8900CCB16C /* main.m */; };
		1FEB6D451F1F3B8900CCB16C /* AppDelegate.m in Sources */ = {isa = PBXBuildFile; fileRef = 1FEB6D441F1F3B8900CCB16C /* AppDelegate.m */; };
		1FEB6D481F1F3B8900CCB16C /* ViewController.m in Sources */ = {isa = PBXBuildFile; fileRef = 1FEB6D471F1F3B8900CCB16C /* ViewController.m */; };
		1FEB6D4B1F1F3B8900CCB16C /* Main.storyboard in Resources */ = {isa = PBXBuildFile; fileRef = 1FEB6D491F1F3B8900CCB16C /* Main.storyboard */; };
		1FEB6D4D1F1F3B8900CCB16C /* Assets.xcassets in Resources */ = {isa = PBXBuildFile; fileRef = 1FEB6D4C1F1F3B8900CCB16C /* Assets.xcassets */; };
		1FEB6D501F1F3B8900CCB16C /* LaunchScreen.storyboard in Resources */ = {isa = PBXBuildFile; fileRef = 1FEB6D4E1F1F3B8900CCB16C /* LaunchScreen.storyboard */; };
		1FEB6D5B1F1F3B8A00CCB16C /* FQScrollView_DemoTests.m in Sources */ = {isa = PBXBuildFile; fileRef = 1FEB6D5A1F1F3B8A00CCB16C /* FQScrollView_DemoTests.m */; };
		1FEB6D661F1F3B8A00CCB16C /* FQScrollView_DemoUITests.m in Sources */ = {isa = PBXBuildFile; fileRef = 1FEB6D651F1F3B8A00CCB16C /* FQScrollView_DemoUITests.m */; };
		1FEB6D781F1F3BFA00CCB16C /* FQAutoScrollView.m in Sources */ = {isa = PBXBuildFile; fileRef = 1FEB6D751F1F3BFA00CCB16C /* FQAutoScrollView.m */; };
		1FEB6D791F1F3BFA00CCB16C /* FQImageView.m in Sources */ = {isa = PBXBuildFile; fileRef = 1FEB6D771F1F3BFA00CCB16C /* FQImageView.m */; };
/* End PBXBuildFile section */

/* Begin PBXContainerItemProxy section */
		1FEB6D571F1F3B8A00CCB16C /* PBXContainerItemProxy */ = {
			isa = PBXContainerItemProxy;
			containerPortal = 1FEB6D351F1F3B8900CCB16C /* Project object */;
			proxyType = 1;
			remoteGlobalIDString = 1FEB6D3C1F1F3B8900CCB16C;
			remoteInfo = FQScrollView_Demo;
		};
		1FEB6D621F1F3B8A00CCB16C /* PBXContainerItemProxy */ = {
			isa = PBXContainerItemProxy;
			containerPortal = 1FEB6D351F1F3B8900CCB16C /* Project object */;
			proxyType = 1;
			remoteGlobalIDString = 1FEB6D3C1F1F3B8900CCB16C;
			remoteInfo = FQScrollView_Demo;
		};
/* End PBXContainerItemProxy section */

/* Begin PBXFileReference section */
		1FEB6D3D1F1F3B8900CCB16C /* FQScrollView_Demo.app */ = {isa = PBXFileReference; explicitFileType = wrapper.application; includeInIndex = 0; path = FQScrollView_Demo.app; sourceTree = BUILT_PRODUCTS_DIR; };
		1FEB6D411F1F3B8900CCB16C /* main.m */ = {isa = PBXFileReference; lastKnownFileType = sourcecode.c.objc; path = main.m; sourceTree = "<group>"; };
		1FEB6D431F1F3B8900CCB16C /* AppDelegate.h */ = {isa = PBXFileReference; lastKnownFileType = sourcecode.c.h; path = AppDelegate.h; sourceTree = "<group>"; };
		1FEB6D441F1F3B8900CCB16C /* AppDelegate.m */ = {isa = PBXFileReference; lastKnownFileType = sourcecode.c.objc; path = AppDelegate.m; sourceTree = "<group>"; };
		1FEB6D461F1F3B8900CCB16C /* ViewController.h */ = {isa = PBXFileReference; lastKnownFileType = sourcecode.c.h; path = ViewController.h; sourceTree = "<group>"; };
		1FEB6D471F1F3B8900CCB16C /* ViewController.m */ = {isa = PBXFileReference; lastKnownFileType = sourcecode.c.objc; path = ViewController.m; sourceTree = "<group>"; };
		1FEB6D4A1F1F3B8900CCB16C /* Base */ = {isa = PBXFileReference; lastKnownFileType = file.storyboard; name = Base; path = Base.lproj/Main.storyboard; sourceTree = "<group>"; };
		1FEB6D4C1F1F3B8900CCB16C /* Assets.xcassets */ = {isa = PBXFileReference; lastKnownFileType = folder.assetcatalog; path = Assets.xcassets; sourceTree = "<group>"; };
		1FEB6D4F1F1F3B8900CCB16C /* Base */ = {isa = PBXFileReference; lastKnownFileType = file.storyboard; name = Base; path = Base.lproj/LaunchScreen.storyboard; sourceTree = "<group>"; };
		1FEB6D511F1F3B8900CCB16C /* Info.plist */ = {isa = PBXFileReference; lastKnownFileType = text.plist.xml; path = Info.plist; sourceTree = "<group>"; };
		1FEB6D561F1F3B8A00CCB16C /* FQScrollView_DemoTests.xctest */ = {isa = PBXFileReference; explicitFileType = wrapper.cfbundle; includeInIndex = 0; path = FQScrollView_DemoTests.xctest; sourceTree = BUILT_PRODUCTS_DIR; };
		1FEB6D5A1F1F3B8A00CCB16C /* FQScrollView_DemoTests.m */ = {isa = PBXFileReference; lastKnownFileType = sourcecode.c.objc; path = FQScrollView_DemoTests.m; sourceTree = "<group>"; };
		1FEB6D5C1F1F3B8A00CCB16C /* Info.plist */ = {isa = PBXFileReference; lastKnownFileType = text.plist.xml; path = Info.plist; sourceTree = "<group>"; };
		1FEB6D611F1F3B8A00CCB16C /* FQScrollView_DemoUITests.xctest */ = {isa = PBXFileReference; explicitFileType = wrapper.cfbundle; includeInIndex = 0; path = FQScrollView_DemoUITests.xctest; sourceTree = BUILT_PRODUCTS_DIR; };
		1FEB6D651F1F3B8A00CCB16C /* FQScrollView_DemoUITests.m */ = {isa = PBXFileReference; lastKnownFileType = sourcecode.c.objc; path = FQScrollView_DemoUITests.m; sourceTree = "<group>"; };
		1FEB6D671F1F3B8A00CCB16C /* Info.plist */ = {isa = PBXFileReference; lastKnownFileType = text.plist.xml; path = Info.plist; sourceTree = "<group>"; };
		1FEB6D741F1F3BFA00CCB16C /* FQAutoScrollView.h */ = {isa = PBXFileReference; fileEncoding = 4; lastKnownFileType = sourcecode.c.h; path = FQAutoScrollView.h; sourceTree = "<group>"; };
		1FEB6D751F1F3BFA00CCB16C /* FQAutoScrollView.m */ = {isa = PBXFileReference; fileEncoding = 4; lastKnownFileType = sourcecode.c.objc; path = FQAutoScrollView.m; sourceTree = "<group>"; };
		1FEB6D761F1F3BFA00CCB16C /* FQImageView.h */ = {isa = PBXFileReference; fileEncoding = 4; lastKnownFileType = sourcecode.c.h; path = FQImageView.h; sourceTree = "<group>"; };
		1FEB6D771F1F3BFA00CCB16C /* FQImageView.m */ = {isa = PBXFileReference; fileEncoding = 4; lastKnownFileType = sourcecode.c.objc; path = FQImageView.m; sourceTree = "<group>"; };
/* End PBXFileReference section */

/* Begin PBXFrameworksBuildPhase section */
		1FEB6D3A1F1F3B8900CCB16C /* Frameworks */ = {
			isa = PBXFrameworksBuildPhase;
			buildActionMask = 2147483647;
			files = (
			);
			runOnlyForDeploymentPostprocessing = 0;
		};
		1FEB6D531F1F3B8A00CCB16C /* Frameworks */ = {
			isa = PBXFrameworksBuildPhase;
			buildActionMask = 2147483647;
			files = (
			);
			runOnlyForDeploymentPostprocessing = 0;
		};
		1FEB6D5E1F1F3B8A00CCB16C /* Frameworks */ = {
			isa = PBXFrameworksBuildPhase;
			buildActionMask = 2147483647;
			files = (
			);
			runOnlyForDeploymentPostprocessing = 0;
		};
/* End PBXFrameworksBuildPhase section */

/* Begin PBXGroup section */
		1FEB6D341F1F3B8900CCB16C = {
			isa = PBXGroup;
			children = (
				1FEB6D3F1F1F3B8900CCB16C /* FQScrollView_Demo */,
				1FEB6D591F1F3B8A00CCB16C /* FQScrollView_DemoTests */,
				1FEB6D641F1F3B8A00CCB16C /* FQScrollView_DemoUITests */,
				1FEB6D3E1F1F3B8900CCB16C /* Products */,
			);
			sourceTree = "<group>";
		};
		1FEB6D3E1F1F3B8900CCB16C /* Products */ = {
			isa = PBXGroup;
			children = (
				1FEB6D3D1F1F3B8900CCB16C /* FQScrollView_Demo.app */,
				1FEB6D561F1F3B8A00CCB16C /* FQScrollView_DemoTests.xctest */,
				1FEB6D611F1F3B8A00CCB16C /* FQScrollView_DemoUITests.xctest */,
			);
			name = Products;
			sourceTree = "<group>";
		};
		1FEB6D3F1F1F3B8900CCB16C /* FQScrollView_Demo */ = {
			isa = PBXGroup;
			children = (
				1FEB6D431F1F3B8900CCB16C /* AppDelegate.h */,
				1FEB6D441F1F3B8900CCB16C /* AppDelegate.m */,
				1FEB6D461F1F3B8900CCB16C /* ViewController.h */,
				1FEB6D471F1F3B8900CCB16C /* ViewController.m */,
				1FEB6D731F1F3BFA00CCB16C /* FQScrollView */,
				1FEB6D491F1F3B8900CCB16C /* Main.storyboard */,
				1FEB6D4C1F1F3B8900CCB16C /* Assets.xcassets */,
				1FEB6D4E1F1F3B8900CCB16C /* LaunchScreen.storyboard */,
				1FEB6D511F1F3B8900CCB16C /* Info.plist */,
				1FEB6D401F1F3B8900CCB16C /* Supporting Files */,
			);
			path = FQScrollView_Demo;
			sourceTree = "<group>";
		};
		1FEB6D401F1F3B8900CCB16C /* Supporting Files */ = {
			isa = PBXGroup;
			children = (
				1FEB6D411F1F3B8900CCB16C /* main.m */,
			);
			name = "Supporting Files";
			sourceTree = "<group>";
		};
		1FEB6D591F1F3B8A00CCB16C /* FQScrollView_DemoTests */ = {
			isa = PBXGroup;
			children = (
				1FEB6D5A1F1F3B8A00CCB16C /* FQScrollView_DemoTests.m */,
				1FEB6D5C1F1F3B8A00CCB16C /* Info.plist */,
			);
			path = FQScrollView_DemoTests;
			sourceTree = "<group>";
		};
		1FEB6D641F1F3B8A00CCB16C /* FQScrollView_DemoUITests */ = {
			isa = PBXGroup;
			children = (
				1FEB6D651F1F3B8A00CCB16C /* FQScrollView_DemoUITests.m */,
				1FEB6D671F1F3B8A00CCB16C /* Info.plist */,
			);
			path = FQScrollView_DemoUITests;
			sourceTree = "<group>";
		};
		1FEB6D731F1F3BFA00CCB16C /* FQScrollView */ = {
			isa = PBXGroup;
			children = (
				1FEB6D741F1F3BFA00CCB16C /* FQAutoScrollView.h */,
				1FEB6D751F1F3BFA00CCB16C /* FQAutoScrollView.m */,
				1FEB6D761F1F3BFA00CCB16C /* FQImageView.h */,
				1FEB6D771F1F3BFA00CCB16C /* FQImageView.m */,
			);
			path = FQScrollView;
			sourceTree = "<group>";
		};
/* End PBXGroup section */

/* Begin PBXNativeTarget section */
		1FEB6D3C1F1F3B8900CCB16C /* FQScrollView_Demo */ = {
			isa = PBXNativeTarget;
			buildConfigurationList = 1FEB6D6A1F1F3B8A00CCB16C /* Build configuration list for PBXNativeTarget "FQScrollView_Demo" */;
			buildPhases = (
				1FEB6D391F1F3B8900CCB16C /* Sources */,
				1FEB6D3A1F1F3B8900CCB16C /* Frameworks */,
				1FEB6D3B1F1F3B8900CCB16C /* Resources */,
			);
			buildRules = (
			);
			dependencies = (
			);
			name = FQScrollView_Demo;
			productName = FQScrollView_Demo;
			productReference = 1FEB6D3D1F1F3B8900CCB16C /* FQScrollView_Demo.app */;
			productType = "com.apple.product-type.application";
		};
		1FEB6D551F1F3B8A00CCB16C /* FQScrollView_DemoTests */ = {
			isa = PBXNativeTarget;
			buildConfigurationList = 1FEB6D6D1F1F3B8A00CCB16C /* Build configuration list for PBXNativeTarget "FQScrollView_DemoTests" */;
			buildPhases = (
				1FEB6D521F1F3B8A00CCB16C /* Sources */,
				1FEB6D531F1F3B8A00CCB16C /* Frameworks */,
				1FEB6D541F1F3B8A00CCB16C /* Resources */,
			);
			buildRules = (
			);
			dependencies = (
				1FEB6D581F1F3B8A00CCB16C /* PBXTargetDependency */,
			);
			name = FQScrollView_DemoTests;
			productName = FQScrollView_DemoTests;
			productReference = 1FEB6D561F1F3B8A00CCB16C /* FQScrollView_DemoTests.xctest */;
			productType = "com.apple.product-type.bundle.unit-test";
		};
		1FEB6D601F1F3B8A00CCB16C /* FQScrollView_DemoUITests */ = {
			isa = PBXNativeTarget;
			buildConfigurationList = 1FEB6D701F1F3B8A00CCB16C /* Build configuration list for PBXNativeTarget "FQScrollView_DemoUITests" */;
			buildPhases = (
				1FEB6D5D1F1F3B8A00CCB16C /* Sources */,
				1FEB6D5E1F1F3B8A00CCB16C /* Frameworks */,
				1FEB6D5F1F1F3B8A00CCB16C /* Resources */,
			);
			buildRules = (
			);
			dependencies = (
				1FEB6D631F1F3B8A00CCB16C /* PBXTargetDependency */,
			);
			name = FQScrollView_DemoUITests;
			productName = FQScrollView_DemoUITests;
			productReference = 1FEB6D611F1F3B8A00CCB16C /* FQScrollView_DemoUITests.xctest */;
			productType = "com.apple.product-type.bundle.ui-testing";
		};
/* End PBXNativeTarget section */

/* Begin PBXProject section */
		1FEB6D351F1F3B8900CCB16C /* Project object */ = {
			isa = PBXProject;
			attributes = {
				LastUpgradeCheck = 0830;
				ORGANIZATIONNAME = "上海旻瑞信息技术有限公司";
				TargetAttributes = {
					1FEB6D3C1F1F3B8900CCB16C = {
						CreatedOnToolsVersion = 8.3.3;
						DevelopmentTeam = G9AP62BQZD;
						ProvisioningStyle = Automatic;
					};
					1FEB6D551F1F3B8A00CCB16C = {
						CreatedOnToolsVersion = 8.3.3;
						DevelopmentTeam = G9AP62BQZD;
						ProvisioningStyle = Automatic;
						TestTargetID = 1FEB6D3C1F1F3B8900CCB16C;
					};
					1FEB6D601F1F3B8A00CCB16C = {
						CreatedOnToolsVersion = 8.3.3;
						DevelopmentTeam = G9AP62BQZD;
						ProvisioningStyle = Automatic;
						TestTargetID = 1FEB6D3C1F1F3B8900CCB16C;
					};
				};
			};
			buildConfigurationList = 1FEB6D381F1F3B8900CCB16C /* Build configuration list for PBXProject "FQScrollView_Demo" */;
			compatibilityVersion = "Xcode 3.2";
			developmentRegion = English;
			hasScannedForEncodings = 0;
			knownRegions = (
				en,
				Base,
			);
			mainGroup = 1FEB6D341F1F3B8900CCB16C;
			productRefGroup = 1FEB6D3E1F1F3B8900CCB16C /* Products */;
			projectDirPath = "";
			projectRoot = "";
			targets = (
				1FEB6D3C1F1F3B8900CCB16C /* FQScrollView_Demo */,
				1FEB6D551F1F3B8A00CCB16C /* FQScrollView_DemoTests */,
				1FEB6D601F1F3B8A00CCB16C /* FQScrollView_DemoUITests */,
			);
		};
/* End PBXProject section */

/* Begin PBXResourcesBuildPhase section */
		1FEB6D3B1F1F3B8900CCB16C /* Resources */ = {
			isa = PBXResourcesBuildPhase;
			buildActionMask = 2147483647;
			files = (
				1FEB6D501F1F3B8900CCB16C /* LaunchScreen.storyboard in Resources */,
				1FEB6D4D1F1F3B8900CCB16C /* Assets.xcassets in Resources */,
				1FEB6D4B1F1F3B8900CCB16C /* Main.storyboard in Resources */,
			);
			runOnlyForDeploymentPostprocessing = 0;
		};
		1FEB6D541F1F3B8A00CCB16C /* Resources */ = {
			isa = PBXResourcesBuildPhase;
			buildActionMask = 2147483647;
			files = (
			);
			runOnlyForDeploymentPostprocessing = 0;
		};
		1FEB6D5F1F1F3B8A00CCB16C /* Resources */ = {
			isa = PBXResourcesBuildPhase;
			buildActionMask = 2147483647;
			files = (
			);
			runOnlyForDeploymentPostprocessing = 0;
		};
/* End PBXResourcesBuildPhase section */

/* Begin PBXSourcesBuildPhase section */
		1FEB6D391F1F3B8900CCB16C /* Sources */ = {
			isa = PBXSourcesBuildPhase;
			buildActionMask = 2147483647;
			files = (
				1FEB6D481F1F3B8900CCB16C /* ViewController.m in Sources */,
				1FEB6D791F1F3BFA00CCB16C /* FQImageView.m in Sources */,
				1FEB6D451F1F3B8900CCB16C /* AppDelegate.m in Sources */,
				1FEB6D421F1F3B8900CCB16C /* main.m in Sources */,
				1FEB6D781F1F3BFA00CCB16C /* FQAutoScrollView.m in Sources */,
			);
			runOnlyForDeploymentPostprocessing = 0;
		};
		1FEB6D521F1F3B8A00CCB16C /* Sources */ = {
			isa = PBXSourcesBuildPhase;
			buildActionMask = 2147483647;
			files = (
				1FEB6D5B1F1F3B8A00CCB16C /* FQScrollView_DemoTests.m in Sources */,
			);
			runOnlyForDeploymentPostprocessing = 0;
		};
		1FEB6D5D1F1F3B8A00CCB16C /* Sources */ = {
			isa = PBXSourcesBuildPhase;
			buildActionMask = 2147483647;
			files = (
				1FEB6D661F1F3B8A00CCB16C /* FQScrollView_DemoUITests.m in Sources */,
			);
			runOnlyForDeploymentPostprocessing = 0;
		};
/* End PBXSourcesBuildPhase section */

/* Begin PBXTargetDependency section */
		1FEB6D581F1F3B8A00CCB16C /* PBXTargetDependency */ = {
			isa = PBXTargetDependency;
			target = 1FEB6D3C1F1F3B8900CCB16C /* FQScrollView_Demo */;
			targetProxy = 1FEB6D571F1F3B8A00CCB16C /* PBXContainerItemProxy */;
		};
		1FEB6D631F1F3B8A00CCB16C /* PBXTargetDependency */ = {
			isa = PBXTargetDependency;
			target = 1FEB6D3C1F1F3B8900CCB16C /* FQScrollView_Demo */;
			targetProxy = 1FEB6D621F1F3B8A00CCB16C /* PBXContainerItemProxy */;
		};
/* End PBXTargetDependency section */

/* Begin PBXVariantGroup section */
		1FEB6D491F1F3B8900CCB16C /* Main.storyboard */ = {
			isa = PBXVariantGroup;
			children = (
				1FEB6D4A1F1F3B8900CCB16C /* Base */,
			);
			name = Main.storyboard;
			sourceTree = "<group>";
		};
		1FEB6D4E1F1F3B8900CCB16C /* LaunchScreen.storyboard */ = {
			isa = PBXVariantGroup;
			children = (
				1FEB6D4F1F1F3B8900CCB16C /* Base */,
			);
			name = LaunchScreen.storyboard;
			sourceTree = "<group>";
		};
/* End PBXVariantGroup section */

/* Begin XCBuildConfiguration section */
		1FEB6D681F1F3B8A00CCB16C /* Debug */ = {
			isa = XCBuildConfiguration;
			buildSettings = {
				ALWAYS_SEARCH_USER_PATHS = NO;
				CLANG_ANALYZER_NONNULL = YES;
				CLANG_ANALYZER_NUMBER_OBJECT_CONVERSION = YES_AGGRESSIVE;
				CLANG_CXX_LANGUAGE_STANDARD = "gnu++0x";
				CLANG_CXX_LIBRARY = "libc++";
				CLANG_ENABLE_MODULES = YES;
				CLANG_ENABLE_OBJC_ARC = YES;
				CLANG_WARN_BOOL_CONVERSION = YES;
				CLANG_WARN_CONSTANT_CONVERSION = YES;
				CLANG_WARN_DIRECT_OBJC_ISA_USAGE = YES_ERROR;
				CLANG_WARN_DOCUMENTATION_COMMENTS = YES;
				CLANG_WARN_EMPTY_BODY = YES;
				CLANG_WARN_ENUM_CONVERSION = YES;
				CLANG_WARN_INFINITE_RECURSION = YES;
				CLANG_WARN_INT_CONVERSION = YES;
				CLANG_WARN_OBJC_ROOT_CLASS = YES_ERROR;
				CLANG_WARN_SUSPICIOUS_MOVE = YES;
				CLANG_WARN_UNREACHABLE_CODE = YES;
				CLANG_WARN__DUPLICATE_METHOD_MATCH = YES;
				"CODE_SIGN_IDENTITY[sdk=iphoneos*]" = "iPhone Developer";
				COPY_PHASE_STRIP = NO;
				DEBUG_INFORMATION_FORMAT = dwarf;
				ENABLE_STRICT_OBJC_MSGSEND = YES;
				ENABLE_TESTABILITY = YES;
				GCC_C_LANGUAGE_STANDARD = gnu99;
				GCC_DYNAMIC_NO_PIC = NO;
				GCC_NO_COMMON_BLOCKS = YES;
				GCC_OPTIMIZATION_LEVEL = 0;
				GCC_PREPROCESSOR_DEFINITIONS = (
					"DEBUG=1",
					"$(inherited)",
				);
				GCC_WARN_64_TO_32_BIT_CONVERSION = YES;
				GCC_WARN_ABOUT_RETURN_TYPE = YES_ERROR;
				GCC_WARN_UNDECLARED_SELECTOR = YES;
				GCC_WARN_UNINITIALIZED_AUTOS = YES_AGGRESSIVE;
				GCC_WARN_UNUSED_FUNCTION = YES;
				GCC_WARN_UNUSED_VARIABLE = YES;
				IPHONEOS_DEPLOYMENT_TARGET = 10.3;
				MTL_ENABLE_DEBUG_INFO = YES;
				ONLY_ACTIVE_ARCH = YES;
				SDKROOT = iphoneos;
				TARGETED_DEVICE_FAMILY = "1,2";
			};
			name = Debug;
		};
		1FEB6D691F1F3B8A00CCB16C /* Release */ = {
			isa = XCBuildConfiguration;
			buildSettings = {
				ALWAYS_SEARCH_USER_PATHS = NO;
				CLANG_ANALYZER_NONNULL = YES;
				CLANG_ANALYZER_NUMBER_OBJECT_CONVERSION = YES_AGGRESSIVE;
				CLANG_CXX_LANGUAGE_STANDARD = "gnu++0x";
				CLANG_CXX_LIBRARY = "libc++";
				CLANG_ENABLE_MODULES = YES;
				CLANG_ENABLE_OBJC_ARC = YES;
				CLANG_WARN_BOOL_CONVERSION = YES;
				CLANG_WARN_CONSTANT_CONVERSION = YES;
				CLANG_WARN_DIRECT_OBJC_ISA_USAGE = YES_ERROR;
				CLANG_WARN_DOCUMENTATION_COMMENTS = YES;
				CLANG_WARN_EMPTY_BODY = YES;
				CLANG_WARN_ENUM_CONVERSION = YES;
				CLANG_WARN_INFINITE_RECURSION = YES;
				CLANG_WARN_INT_CONVERSION = YES;
				CLANG_WARN_OBJC_ROOT_CLASS = YES_ERROR;
				CLANG_WARN_SUSPICIOUS_MOVE = YES;
				CLANG_WARN_UNREACHABLE_CODE = YES;
				CLANG_WARN__DUPLICATE_METHOD_MATCH = YES;
				"CODE_SIGN_IDENTITY[sdk=iphoneos*]" = "iPhone Developer";
				COPY_PHASE_STRIP = NO;
				DEBUG_INFORMATION_FORMAT = "dwarf-with-dsym";
				ENABLE_NS_ASSERTIONS = NO;
				ENABLE_STRICT_OBJC_MSGSEND = YES;
				GCC_C_LANGUAGE_STANDARD = gnu99;
				GCC_NO_COMMON_BLOCKS = YES;
				GCC_WARN_64_TO_32_BIT_CONVERSION = YES;
				GCC_WARN_ABOUT_RETURN_TYPE = YES_ERROR;
				GCC_WARN_UNDECLARED_SELECTOR = YES;
				GCC_WARN_UNINITIALIZED_AUTOS = YES_AGGRESSIVE;
				GCC_WARN_UNUSED_FUNCTION = YES;
				GCC_WARN_UNUSED_VARIABLE = YES;
				IPHONEOS_DEPLOYMENT_TARGET = 10.3;
				MTL_ENABLE_DEBUG_INFO = NO;
				SDKROOT = iphoneos;
				TARGETED_DEVICE_FAMILY = "1,2";
				VALIDATE_PRODUCT = YES;
			};
			name = Release;
		};
		1FEB6D6B1F1F3B8A00CCB16C /* Debug */ = {
			isa = XCBuildConfiguration;
			buildSettings = {
				ASSETCATALOG_COMPILER_APPICON_NAME = AppIcon;
				DEVELOPMENT_TEAM = G9AP62BQZD;
				INFOPLIST_FILE = FQScrollView_Demo/Info.plist;
				LD_RUNPATH_SEARCH_PATHS = "$(inherited) @executable_path/Frameworks";
				PRODUCT_BUNDLE_IDENTIFIER = "com.many-it.FQScrollView-Demo";
				PRODUCT_NAME = "$(TARGET_NAME)";
			};
			name = Debug;
		};
		1FEB6D6C1F1F3B8A00CCB16C /* Release */ = {
			isa = XCBuildConfiguration;
			buildSettings = {
				ASSETCATALOG_COMPILER_APPICON_NAME = AppIcon;
				DEVELOPMENT_TEAM = G9AP62BQZD;
				INFOPLIST_FILE = FQScrollView_Demo/Info.plist;
				LD_RUNPATH_SEARCH_PATHS = "$(inherited) @executable_path/Frameworks";
				PRODUCT_BUNDLE_IDENTIFIER = "com.many-it.FQScrollView-Demo";
				PRODUCT_NAME = "$(TARGET_NAME)";
			};
			name = Release;
		};
		1FEB6D6E1F1F3B8A00CCB16C /* Debug */ = {
			isa = XCBuildConfiguration;
			buildSettings = {
				BUNDLE_LOADER = "$(TEST_HOST)";
				DEVELOPMENT_TEAM = G9AP62BQZD;
				INFOPLIST_FILE = FQScrollView_DemoTests/Info.plist;
				LD_RUNPATH_SEARCH_PATHS = "$(inherited) @executable_path/Frameworks @loader_path/Frameworks";
				PRODUCT_BUNDLE_IDENTIFIER = "com.many-it.FQScrollView-DemoTests";
				PRODUCT_NAME = "$(TARGET_NAME)";
				TEST_HOST = "$(BUILT_PRODUCTS_DIR)/FQScrollView_Demo.app/FQScrollView_Demo";
			};
			name = Debug;
		};
		1FEB6D6F1F1F3B8A00CCB16C /* Release */ = {
			isa = XCBuildConfiguration;
			buildSettings = {
				BUNDLE_LOADER = "$(TEST_HOST)";
				DEVELOPMENT_TEAM = G9AP62BQZD;
				INFOPLIST_FILE = FQScrollView_DemoTests/Info.plist;
				LD_RUNPATH_SEARCH_PATHS = "$(inherited) @executable_path/Frameworks @loader_path/Frameworks";
				PRODUCT_BUNDLE_IDENTIFIER = "com.many-it.FQScrollView-DemoTests";
				PRODUCT_NAME = "$(TARGET_NAME)";
				TEST_HOST = "$(BUILT_PRODUCTS_DIR)/FQScrollView_Demo.app/FQScrollView_Demo";
			};
			name = Release;
		};
		1FEB6D711F1F3B8A00CCB16C /* Debug */ = {
			isa = XCBuildConfiguration;
			buildSettings = {
				DEVELOPMENT_TEAM = G9AP62BQZD;
				INFOPLIST_FILE = FQScrollView_DemoUITests/Info.plist;
				LD_RUNPATH_SEARCH_PATHS = "$(inherited) @executable_path/Frameworks @loader_path/Frameworks";
				PRODUCT_BUNDLE_IDENTIFIER = "com.many-it.FQScrollView-DemoUITests";
				PRODUCT_NAME = "$(TARGET_NAME)";
				TEST_TARGET_NAME = FQScrollView_Demo;
			};
			name = Debug;
		};
		1FEB6D721F1F3B8A00CCB16C /* Release */ = {
			isa = XCBuildConfiguration;
			buildSettings = {
				DEVELOPMENT_TEAM = G9AP62BQZD;
				INFOPLIST_FILE = FQScrollView_DemoUITests/Info.plist;
				LD_RUNPATH_SEARCH_PATHS = "$(inherited) @executable_path/Frameworks @loader_path/Frameworks";
				PRODUCT_BUNDLE_IDENTIFIER = "com.many-it.FQScrollView-DemoUITests";
				PRODUCT_NAME = "$(TARGET_NAME)";
				TEST_TARGET_NAME = FQScrollView_Demo;
			};
			name = Release;
		};
/* End XCBuildConfiguration section */

/* Begin XCConfigurationList section */
		1FEB6D381F1F3B8900CCB16C /* Build configuration list for PBXProject "FQScrollView_Demo" */ = {
			isa = XCConfigurationList;
			buildConfigurations = (
				1FEB6D681F1F3B8A00CCB16C /* Debug */,
				1FEB6D691F1F3B8A00CCB16C /* Release */,
			);
			defaultConfigurationIsVisible = 0;
			defaultConfigurationName = Release;
		};
		1FEB6D6A1F1F3B8A00CCB16C /* Build configuration list for PBXNativeTarget "FQScrollView_Demo" */ = {
			isa = XCConfigurationList;
			buildConfigurations = (
				1FEB6D6B1F1F3B8A00CCB16C /* Debug */,
				1FEB6D6C1F1F3B8A00CCB16C /* Release */,
			);
			defaultConfigurationIsVisible = 0;
		};
		1FEB6D6D1F1F3B8A00CCB16C /* Build configuration list for PBXNativeTarget "FQScrollView_DemoTests" */ = {
			isa = XCConfigurationList;
			buildConfigurations = (
				1FEB6D6E1F1F3B8A00CCB16C /* Debug */,
				1FEB6D6F1F1F3B8A00CCB16C /* Release */,
			);
			defaultConfigurationIsVisible = 0;
		};
		1FEB6D701F1F3B8A00CCB16C /* Build configuration list for PBXNativeTarget "FQScrollView_DemoUITests" */ = {
			isa = XCConfigurationList;
			buildConfigurations = (
				1FEB6D711F1F3B8A00CCB16C /* Debug */,
				1FEB6D721F1F3B8A00CCB16C /* Release */,
			);
			defaultConfigurationIsVisible = 0;
		};
/* End XCConfigurationList section */
	};
	rootObject = 1FEB6D351F1F3B8900CCB16C /* Project object */;
}
